
Microsoft Visual Studio Solution File, Format Version 12.00
# Visual Studio Version 16
VisualStudioVersion = 16.0.31729.503
MinimumVisualStudioVersion = 10.0.40219.1
Project("{FAE04EC0-301F-11D3-BF4B-00C04F79EFBC}") = "WpfApp1", "WpfApp1\WpfApp1.csproj", "{8B06B928-B852-4F70-B67A-A49FE8A72A78}"
EndProject
Global
	GlobalSection(SolutionConfigurationPlatforms) = preSolution
		Debug|Any CPU = Debug|Any CPU
		Release|Any CPU = Release|Any CPU
	EndGlobalSection
	GlobalSection(ProjectConfigurationPlatforms) = postSolution
		{8B06B928-B852-4F70-B67A-A49FE8A72A78}.Debug|Any CPU.ActiveCfg = Debug|Any CPU
		{8B06B928-B852-4F70-B67A-A49FE8A72A78}.Debug|Any CPU.Build.0 = Debug|Any CPU
		{8B06B928-B852-4F70-B67A-A49FE8A72A78}.Release|Any CPU.ActiveCfg = Release|Any CPU
		{8B06B928-B852-4F70-B67A-A49FE8A72A78}.Release|Any CPU.Build.0 = Release|Any CPU
	EndGlobalSection
	GlobalSection(SolutionProperties) = preSolution
		HideSolutionNode = FALSE
	EndGlobalSection
	GlobalSection(ExtensibilityGlobals) = postSolution
		SolutionGuid = {E163AB52-F75A-4A5D-A37B-1FFC852ADCDD}
	EndGlobalSection
EndGlobal
